lockfileVersion: '9.0'

settings:
  autoInstallPeers: true
  excludeLinksFromLockfile: false

importers:

  .:
    dependencies:
      '@parse5/tools':
        specifier: ^0.7.0
        version: 0.7.0(parse5@8.0.1)
      js-yaml:
        specifier: ^4.2.0
        version: 4.2.0
      parse5:
        specifier: ^8.0.1
        version: 8.0.1

packages:

  '@parse5/tools@0.7.0':
    resolution: {integrity: sha512-JDvrGhc8kYBq7/SM4obJkpgwWo6pRjF/fo9CCaiJyVOkDf203Ciq2UF6TjzCFXKs7Q/zS2sS4deyBx0XzRvh9Q==}
    peerDependencies:
      parse5: 7.x || 8.x

  argparse@2.0.1:
    resolution: {integrity: sha512-8+9WqebbFzpX9OR+Wa6O29asIogeRMzcGtAINdpMHHyAg10f05aSFVBbcEqGf/PXw1EjAZ+q2/bEBg3DvurK3Q==}

  entities@8.0.0:
    resolution: {integrity: sha512-zwfzJecQ/Uej6tusMqwAqU/6KL2XaB2VZ2Jg54Je6ahNBGNH6Ek6g3jjNCF0fG9EWQKGZNddNjU5F1ZQn/sBnA==}
    engines: {node: '>=20.19.0'}

  js-yaml@4.2.0:
    resolution: {integrity: sha512-ePWsvanv0DWuDRsW8dnt+R4jQ31SCRCQ7hhNcPXZPsoBZiemuZNYGf7adZdqX2D86j6rvKp3RpCxVTSb8WQlOw==}
    hasBin: true

  parse5@8.0.1:
    resolution: {integrity: sha512-z1e/HMG90obSGeidlli3hj7cbocou0/wa5HacvI3ASx34PecNjNQeaHNo5WIZpWofN9kgkqV1q5YvXe3F0FoPw==}

snapshots:

  '@parse5/tools@0.7.0(parse5@8.0.1)':
    dependencies:
      parse5: 8.0.1

  argparse@2.0.1: {}

  entities@8.0.0: {}

  js-yaml@4.2.0:
    dependencies:
      argparse: 2.0.1

  parse5@8.0.1:
    dependencies:
      entities: 8.0.0
